PODS:
  - Nimble (8.0.2)
  - Quick (2.1.0)
  - SwiftyDeck (0.1.4)

DEPENDENCIES:
  - Nimble
  - Quick
  - SwiftyDeck (from `../`)

SPEC REPOS:
  https://github.com/CocoaPods/Specs.git:
    - Nimble
    - Quick

EXTERNAL SOURCES:
  SwiftyDeck:
    :path: "../"

SPEC CHECKSUMS:
  Nimble: 622629381bda1dd5678162f21f1368cec7cbba60
  Quick: 4be43f6634acfa727dd106bdf3929ce125ffa79d
  SwiftyDeck: 566767503becb82cf33724127c2acd2afc748636

PODFILE CHECKSUM: 4f87960b60bb88c6984104b19d1131079a742788

COCOAPODS: 1.8.4
